
Microsoft Visual Studio Solution File, Format Version 10.00
# Visual Studio 2008
Project("{FAE04EC0-301F-11D3-BF4B-00C04F79EFBC}") = "epi.utilities.deviceMonitor", "epi.utilities.deviceMonitor\epi.utilities.deviceMonitor.csproj", "{3521B502-7C82-4DE0-B1AB-06E9569DB57E}"
EndProject
Project("{2150E333-8FDC-42A3-9474-1A3956D46DE8}") = "Solution Items", "Solution Items", "{94D4B635-5B0D-4235-B889-5C140FCC5662}"
	ProjectSection(SolutionItems) = preProject
		DeviceMonitor.cs = DeviceMonitor.cs
		DeviceMonitorBridge.cs = DeviceMonitorBridge.cs
		DeviceMonitorFactory.cs = DeviceMonitorFactory.cs
		DeviceMonitorProperties.cs = DeviceMonitorProperties.cs
		MonitoredEssentialsDevice.cs = MonitoredEssentialsDevice.cs
		MonitoredSimplDevice.cs = MonitoredSimplDevice.cs
	EndProjectSection
EndProject
Global
	GlobalSection(SolutionConfigurationPlatforms) = preSolution
		Debug|Any CPU = Debug|Any CPU
		Release|Any CPU = Release|Any CPU
	EndGlobalSection
	GlobalSection(ProjectConfigurationPlatforms) = postSolution
		{3521B502-7C82-4DE0-B1AB-06E9569DB57E}.Debug|Any CPU.ActiveCfg = Debug|Any CPU
		{3521B502-7C82-4DE0-B1AB-06E9569DB57E}.Debug|Any CPU.Build.0 = Debug|Any CPU
		{3521B502-7C82-4DE0-B1AB-06E9569DB57E}.Release|Any CPU.ActiveCfg = Release|Any CPU
		{3521B502-7C82-4DE0-B1AB-06E9569DB57E}.Release|Any CPU.Build.0 = Release|Any CPU
	EndGlobalSection
	GlobalSection(SolutionProperties) = preSolution
		HideSolutionNode = FALSE
	EndGlobalSection
EndGlobal
